// !$*UTF8*$!
{
	archiveVersion = 1;
	classes = {
	};
	objectVersion = 56;
	objects = {

/* Begin PBXBuildFile section */
		E2E214502CB19C0900D466AA /* FetchProjectApp.swift in Sources */ = {isa = PBXBuildFile; fileRef = E2E2144F2CB19C0900D466AA /* FetchProjectApp.swift */; };
		E2E214522CB19C0900D466AA /* ContentView.swift in Sources */ = {isa = PBXBuildFile; fileRef = E2E214512CB19C0900D466AA /* ContentView.swift */; };
		E2E214542CB19C0C00D466AA /* Assets.xcassets in Resources */ = {isa = PBXBuildFile; fileRef = E2E214532CB19C0C00D466AA /* Assets.xcassets */; };
		E2E214582CB19C0C00D466AA /* Preview Assets.xcassets in Resources */ = {isa = PBXBuildFile; fileRef = E2E214572CB19C0C00D466AA /* Preview Assets.xcassets */; };
		E2E214622CB19C0C00D466AA /* FetchProjectTests.swift in Sources */ = {isa = PBXBuildFile; fileRef = E2E214612CB19C0C00D466AA /* FetchProjectTests.swift */; };
		E2E2146C2CB19C0C00D466AA /* FetchProjectUITests.swift in Sources */ = {isa = PBXBuildFile; fileRef = E2E2146B2CB19C0C00D466AA /* FetchProjectUITests.swift */; };
		E2E2146E2CB19C0C00D466AA /* FetchProjectUITestsLaunchTests.swift in Sources */ = {isa = PBXBuildFile; fileRef = E2E2146D2CB19C0C00D466AA /* FetchProjectUITestsLaunchTests.swift */; };
		E2E2147B2CB19C5600D466AA /* Recipe.swift in Sources */ = {isa = PBXBuildFile; fileRef = E2E2147A2CB19C5600D466AA /* Recipe.swift */; };
		E2E2147D2CB2F17E00D466AA /* RecipeViewModel.swift in Sources */ = {isa = PBXBuildFile; fileRef = E2E2147C2CB2F17E00D466AA /* RecipeViewModel.swift */; };
		E2E214822CB3061400D466AA /* Kingfisher in Frameworks */ = {isa = PBXBuildFile; productRef = E2E214812CB3061400D466AA /* Kingfisher */; };
		E2E214842CB3561500D466AA /* RecipeViewModelTests.swift in Sources */ = {isa = PBXBuildFile; fileRef = E2E214832CB3561500D466AA /* RecipeViewModelTests.swift */; };
		E2E214942CB40F6E00D466AA /* NetworkingService.swift in Sources */ = {isa = PBXBuildFile; fileRef = E2E214932CB40F6D00D466AA /* NetworkingService.swift */; };
/* End PBXBuildFile section */

/* Begin PBXContainerItemProxy section */
		E2E2145E2CB19C0C00D466AA /* PBXContainerItemProxy */ = {
			isa = PBXContainerItemProxy;
			containerPortal = E2E214442CB19C0900D466AA /* Project object */;
			proxyType = 1;
			remoteGlobalIDString = E2E2144B2CB19C0900D466AA;
			remoteInfo = FetchProject;
		};
		E2E214682CB19C0C00D466AA /* PBXContainerItemProxy */ = {
			isa = PBXContainerItemProxy;
			containerPortal = E2E214442CB19C0900D466AA /* Project object */;
			proxyType = 1;
			remoteGlobalIDString = E2E2144B2CB19C0900D466AA;
			remoteInfo = FetchProject;
		};
/* End PBXContainerItemProxy section */

/* Begin PBXFileReference section */
		E2E2144C2CB19C0900D466AA /* FetchProject.app */ = {isa = PBXFileReference; explicitFileType = wrapper.application; includeInIndex = 0; path = FetchProject.app; sourceTree = BUILT_PRODUCTS_DIR; };
		E2E2144F2CB19C0900D466AA /* FetchProjectApp.swift */ = {isa = PBXFileReference; lastKnownFileType = sourcecode.swift; path = FetchProjectApp.swift; sourceTree = "<group>"; };
		E2E214512CB19C0900D466AA /* ContentView.swift */ = {isa = PBXFileReference; lastKnownFileType = sourcecode.swift; path = ContentView.swift; sourceTree = "<group>"; };
		E2E214532CB19C0C00D466AA /* Assets.xcassets */ = {isa = PBXFileReference; lastKnownFileType = folder.assetcatalog; path = Assets.xcassets; sourceTree = "<group>"; };
		E2E214552CB19C0C00D466AA /* FetchProject.entitlements */ = {isa = PBXFileReference; lastKnownFileType = text.plist.entitlements; path = FetchProject.entitlements; sourceTree = "<group>"; };
		E2E214572CB19C0C00D466AA /* Preview Assets.xcassets */ = {isa = PBXFileReference; lastKnownFileType = folder.assetcatalog; path = "Preview Assets.xcassets"; sourceTree = "<group>"; };
		E2E2145D2CB19C0C00D466AA /* FetchProjectTests.xctest */ = {isa = PBXFileReference; explicitFileType = wrapper.cfbundle; includeInIndex = 0; path = FetchProjectTests.xctest; sourceTree = BUILT_PRODUCTS_DIR; };
		E2E214612CB19C0C00D466AA /* FetchProjectTests.swift */ = {isa = PBXFileReference; lastKnownFileType = sourcecode.swift; path = FetchProjectTests.swift; sourceTree = "<group>"; };
		E2E214672CB19C0C00D466AA /* FetchProjectUITests.xctest */ = {isa = PBXFileReference; explicitFileType = wrapper.cfbundle; includeInIndex = 0; path = FetchProjectUITests.xctest; sourceTree = BUILT_PRODUCTS_DIR; };
		E2E2146B2CB19C0C00D466AA /* FetchProjectUITests.swift */ = {isa = PBXFileReference; lastKnownFileType = sourcecode.swift; path = FetchProjectUITests.swift; sourceTree = "<group>"; };
		E2E2146D2CB19C0C00D466AA /* FetchProjectUITestsLaunchTests.swift */ = {isa = PBXFileReference; lastKnownFileType = sourcecode.swift; path = FetchProjectUITestsLaunchTests.swift; sourceTree = "<group>"; };
		E2E2147A2CB19C5600D466AA /* Recipe.swift */ = {isa = PBXFileReference; lastKnownFileType = sourcecode.swift; path = Recipe.swift; sourceTree = "<group>"; };
		E2E2147C2CB2F17E00D466AA /* RecipeViewModel.swift */ = {isa = PBXFileReference; lastKnownFileType = sourcecode.swift; path = RecipeViewModel.swift; sourceTree = "<group>"; };
		E2E214832CB3561500D466AA /* RecipeViewModelTests.swift */ = {isa = PBXFileReference; lastKnownFileType = sourcecode.swift; path = RecipeViewModelTests.swift; sourceTree = "<group>"; };
		E2E214852CB3760000D466AA /* FetchProject.xctestplan */ = {isa = PBXFileReference; lastKnownFileType = text; path = FetchProject.xctestplan; sourceTree = "<group>"; };
		E2E214932CB40F6D00D466AA /* NetworkingService.swift */ = {isa = PBXFileReference; lastKnownFileType = sourcecode.swift; path = NetworkingService.swift; sourceTree = "<group>"; };
/* End PBXFileReference section */

/* Begin PBXFrameworksBuildPhase section */
		E2E214492CB19C0900D466AA /* Frameworks */ = {
			isa = PBXFrameworksBuildPhase;
			buildActionMask = 2147483647;
			files = (
				E2E214822CB3061400D466AA /* Kingfisher in Frameworks */,
			);
			runOnlyForDeploymentPostprocessing = 0;
		};
		E2E2145A2CB19C0C00D466AA /* Frameworks */ = {
			isa = PBXFrameworksBuildPhase;
			buildActionMask = 2147483647;
			files = (
			);
			runOnlyForDeploymentPostprocessing = 0;
		};
		E2E214642CB19C0C00D466AA /* Frameworks */ = {
			isa = PBXFrameworksBuildPhase;
			buildActionMask = 2147483647;
			files = (
			);
			runOnlyForDeploymentPostprocessing = 0;
		};
/* End PBXFrameworksBuildPhase section */

/* Begin PBXGroup section */
		E2E214432CB19C0900D466AA = {
			isa = PBXGroup;
			children = (
				E2E214852CB3760000D466AA /* FetchProject.xctestplan */,
				E2E2144E2CB19C0900D466AA /* FetchProject */,
				E2E214602CB19C0C00D466AA /* FetchProjectTests */,
				E2E2146A2CB19C0C00D466AA /* FetchProjectUITests */,
				E2E2144D2CB19C0900D466AA /* Products */,
			);
			sourceTree = "<group>";
		};
		E2E2144D2CB19C0900D466AA /* Products */ = {
			isa = PBXGroup;
			children = (
				E2E2144C2CB19C0900D466AA /* FetchProject.app */,
				E2E2145D2CB19C0C00D466AA /* FetchProjectTests.xctest */,
				E2E214672CB19C0C00D466AA /* FetchProjectUITests.xctest */,
			);
			name = Products;
			sourceTree = "<group>";
		};
		E2E2144E2CB19C0900D466AA /* FetchProject */ = {
			isa = PBXGroup;
			children = (
				E2E2144F2CB19C0900D466AA /* FetchProjectApp.swift */,
				E2E214512CB19C0900D466AA /* ContentView.swift */,
				E2E214532CB19C0C00D466AA /* Assets.xcassets */,
				E2E214552CB19C0C00D466AA /* FetchProject.entitlements */,
				E2E214562CB19C0C00D466AA /* Preview Content */,
				E2E2147A2CB19C5600D466AA /* Recipe.swift */,
				E2E2147C2CB2F17E00D466AA /* RecipeViewModel.swift */,
				E2E214932CB40F6D00D466AA /* NetworkingService.swift */,
			);
			path = FetchProject;
			sourceTree = "<group>";
		};
		E2E214562CB19C0C00D466AA /* Preview Content */ = {
			isa = PBXGroup;
			children = (
				E2E214572CB19C0C00D466AA /* Preview Assets.xcassets */,
			);
			path = "Preview Content";
			sourceTree = "<group>";
		};
		E2E214602CB19C0C00D466AA /* FetchProjectTests */ = {
			isa = PBXGroup;
			children = (
				E2E214612CB19C0C00D466AA /* FetchProjectTests.swift */,
				E2E214832CB3561500D466AA /* RecipeViewModelTests.swift */,
			);
			path = FetchProjectTests;
			sourceTree = "<group>";
		};
		E2E2146A2CB19C0C00D466AA /* FetchProjectUITests */ = {
			isa = PBXGroup;
			children = (
				E2E2146B2CB19C0C00D466AA /* FetchProjectUITests.swift */,
				E2E2146D2CB19C0C00D466AA /* FetchProjectUITestsLaunchTests.swift */,
			);
			path = FetchProjectUITests;
			sourceTree = "<group>";
		};
/* End PBXGroup section */

/* Begin PBXNativeTarget section */
		E2E2144B2CB19C0900D466AA /* FetchProject */ = {
			isa = PBXNativeTarget;
			buildConfigurationList = E2E214712CB19C0C00D466AA /* Build configuration list for PBXNativeTarget "FetchProject" */;
			buildPhases = (
				E2E214482CB19C0900D466AA /* Sources */,
				E2E214492CB19C0900D466AA /* Frameworks */,
				E2E2144A2CB19C0900D466AA /* Resources */,
			);
			buildRules = (
			);
			dependencies = (
			);
			name = FetchProject;
			packageProductDependencies = (
				E2E214812CB3061400D466AA /* Kingfisher */,
			);
			productName = FetchProject;
			productReference = E2E2144C2CB19C0900D466AA /* FetchProject.app */;
			productType = "com.apple.product-type.application";
		};
		E2E2145C2CB19C0C00D466AA /* FetchProjectTests */ = {
			isa = PBXNativeTarget;
			buildConfigurationList = E2E214742CB19C0C00D466AA /* Build configuration list for PBXNativeTarget "FetchProjectTests" */;
			buildPhases = (
				E2E214592CB19C0C00D466AA /* Sources */,
				E2E2145A2CB19C0C00D466AA /* Frameworks */,
				E2E2145B2CB19C0C00D466AA /* Resources */,
			);
			buildRules = (
			);
			dependencies = (
				E2E2145F2CB19C0C00D466AA /* PBXTargetDependency */,
			);
			name = FetchProjectTests;
			productName = FetchProjectTests;
			productReference = E2E2145D2CB19C0C00D466AA /* FetchProjectTests.xctest */;
			productType = "com.apple.product-type.bundle.unit-test";
		};
		E2E214662CB19C0C00D466AA /* FetchProjectUITests */ = {
			isa = PBXNativeTarget;
			buildConfigurationList = E2E214772CB19C0C00D466AA /* Build configuration list for PBXNativeTarget "FetchProjectUITests" */;
			buildPhases = (
				E2E214632CB19C0C00D466AA /* Sources */,
				E2E214642CB19C0C00D466AA /* Frameworks */,
				E2E214652CB19C0C00D466AA /* Resources */,
			);
			buildRules = (
			);
			dependencies = (
				E2E214692CB19C0C00D466AA /* PBXTargetDependency */,
			);
			name = FetchProjectUITests;
			productName = FetchProjectUITests;
			productReference = E2E214672CB19C0C00D466AA /* FetchProjectUITests.xctest */;
			productType = "com.apple.product-type.bundle.ui-testing";
		};
/* End PBXNativeTarget section */

/* Begin PBXProject section */
		E2E214442CB19C0900D466AA /* Project object */ = {
			isa = PBXProject;
			attributes = {
				BuildIndependentTargetsInParallel = 1;
				LastSwiftUpdateCheck = 1540;
				LastUpgradeCheck = 1540;
				TargetAttributes = {
					E2E2144B2CB19C0900D466AA = {
						CreatedOnToolsVersion = 15.4;
					};
					E2E2145C2CB19C0C00D466AA = {
						CreatedOnToolsVersion = 15.4;
						TestTargetID = E2E2144B2CB19C0900D466AA;
					};
					E2E214662CB19C0C00D466AA = {
						CreatedOnToolsVersion = 15.4;
						TestTargetID = E2E2144B2CB19C0900D466AA;
					};
				};
			};
			buildConfigurationList = E2E214472CB19C0900D466AA /* Build configuration list for PBXProject "FetchProject" */;
			compatibilityVersion = "Xcode 14.0";
			developmentRegion = en;
			hasScannedForEncodings = 0;
			knownRegions = (
				en,
				Base,
			);
			mainGroup = E2E214432CB19C0900D466AA;
			packageReferences = (
				E2E214802CB3061400D466AA /* XCRemoteSwiftPackageReference "Kingfisher" */,
			);
			productRefGroup = E2E2144D2CB19C0900D466AA /* Products */;
			projectDirPath = "";
			projectRoot = "";
			targets = (
				E2E2144B2CB19C0900D466AA /* FetchProject */,
				E2E2145C2CB19C0C00D466AA /* FetchProjectTests */,
				E2E214662CB19C0C00D466AA /* FetchProjectUITests */,
			);
		};
/* End PBXProject section */

/* Begin PBXResourcesBuildPhase section */
		E2E2144A2CB19C0900D466AA /* Resources */ = {
			isa = PBXResourcesBuildPhase;
			buildActionMask = 2147483647;
			files = (
				E2E214582CB19C0C00D466AA /* Preview Assets.xcassets in Resources */,
				E2E214542CB19C0C00D466AA /* Assets.xcassets in Resources */,
			);
			runOnlyForDeploymentPostprocessing = 0;
		};
		E2E2145B2CB19C0C00D466AA /* Resources */ = {
			isa = PBXResourcesBuildPhase;
			buildActionMask = 2147483647;
			files = (
			);
			runOnlyForDeploymentPostprocessing = 0;
		};
		E2E214652CB19C0C00D466AA /* Resources */ = {
			isa = PBXResourcesBuildPhase;
			buildActionMask = 2147483647;
			files = (
			);
			runOnlyForDeploymentPostprocessing = 0;
		};
/* End PBXResourcesBuildPhase section */

/* Begin PBXSourcesBuildPhase section */
		E2E214482CB19C0900D466AA /* Sources */ = {
			isa = PBXSourcesBuildPhase;
			buildActionMask = 2147483647;
			files = (
				E2E214942CB40F6E00D466AA /* NetworkingService.swift in Sources */,
				E2E2147D2CB2F17E00D466AA /* RecipeViewModel.swift in Sources */,
				E2E2147B2CB19C5600D466AA /* Recipe.swift in Sources */,
				E2E214522CB19C0900D466AA /* ContentView.swift in Sources */,
				E2E214502CB19C0900D466AA /* FetchProjectApp.swift in Sources */,
			);
			runOnlyForDeploymentPostprocessing = 0;
		};
		E2E214592CB19C0C00D466AA /* Sources */ = {
			isa = PBXSourcesBuildPhase;
			buildActionMask = 2147483647;
			files = (
				E2E214842CB3561500D466AA /* RecipeViewModelTests.swift in Sources */,
				E2E214622CB19C0C00D466AA /* FetchProjectTests.swift in Sources */,
			);
			runOnlyForDeploymentPostprocessing = 0;
		};
		E2E214632CB19C0C00D466AA /* Sources */ = {
			isa = PBXSourcesBuildPhase;
			buildActionMask = 2147483647;
			files = (
				E2E2146C2CB19C0C00D466AA /* FetchProjectUITests.swift in Sources */,
				E2E2146E2CB19C0C00D466AA /* FetchProjectUITestsLaunchTests.swift in Sources */,
			);
			runOnlyForDeploymentPostprocessing = 0;
		};
/* End PBXSourcesBuildPhase section */

/* Begin PBXTargetDependency section */
		E2E2145F2CB19C0C00D466AA /* PBXTargetDependency */ = {
			isa = PBXTargetDependency;
			target = E2E2144B2CB19C0900D466AA /* FetchProject */;
			targetProxy = E2E2145E2CB19C0C00D466AA /* PBXContainerItemProxy */;
		};
		E2E214692CB19C0C00D466AA /* PBXTargetDependency */ = {
			isa = PBXTargetDependency;
			target = E2E2144B2CB19C0900D466AA /* FetchProject */;
			targetProxy = E2E214682CB19C0C00D466AA /* PBXContainerItemProxy */;
		};
/* End PBXTargetDependency section */

/* Begin XCBuildConfiguration section */
		E2E2146F2CB19C0C00D466AA /* Debug */ = {
			isa = XCBuildConfiguration;
			buildSettings = {
				ALWAYS_SEARCH_USER_PATHS = NO;
				ASSETCATALOG_COMPILER_GENERATE_SWIFT_ASSET_SYMBOL_EXTENSIONS = YES;
				CLANG_ANALYZER_NONNULL = YES;
				CLANG_ANALYZER_NUMBER_OBJECT_CONVERSION = YES_AGGRESSIVE;
				CLANG_CXX_LANGUAGE_STANDARD = "gnu++20";
				CLANG_ENABLE_MODULES = YES;
				CLANG_ENABLE_OBJC_ARC = YES;
				CLANG_ENABLE_OBJC_WEAK = YES;
				CLANG_WARN_BLOCK_CAPTURE_AUTORELEASING = YES;
				CLANG_WARN_BOOL_CONVERSION = YES;
				CLANG_WARN_COMMA = YES;
				CLANG_WARN_CONSTANT_CONVERSION = YES;
				CLANG_WARN_DEPRECATED_OBJC_IMPLEMENTATIONS = YES;
				CLANG_WARN_DIRECT_OBJC_ISA_USAGE = YES_ERROR;
				CLANG_WARN_DOCUMENTATION_COMMENTS = YES;
				CLANG_WARN_EMPTY_BODY = YES;
				CLANG_WARN_ENUM_CONVERSION = YES;
				CLANG_WARN_INFINITE_RECURSION = YES;
				CLANG_WARN_INT_CONVERSION = YES;
				CLANG_WARN_NON_LITERAL_NULL_CONVERSION = YES;
				CLANG_WARN_OBJC_IMPLICIT_RETAIN_SELF = YES;
				CLANG_WARN_OBJC_LITERAL_CONVERSION = YES;
				CLANG_WARN_OBJC_ROOT_CLASS = YES_ERROR;
				CLANG_WARN_QUOTED_INCLUDE_IN_FRAMEWORK_HEADER = YES;
				CLANG_WARN_RANGE_LOOP_ANALYSIS = YES;
				CLANG_WARN_STRICT_PROTOTYPES = YES;
				CLANG_WARN_SUSPICIOUS_MOVE = YES;
				CLANG_WARN_UNGUARDED_AVAILABILITY = YES_AGGRESSIVE;
				CLANG_WARN_UNREACHABLE_CODE = YES;
				CLANG_WARN__DUPLICATE_METHOD_MATCH = YES;
				COPY_PHASE_STRIP = NO;
				DEBUG_INFORMATION_FORMAT = dwarf;
				ENABLE_STRICT_OBJC_MSGSEND = YES;
				ENABLE_TESTABILITY = YES;
				ENABLE_USER_SCRIPT_SANDBOXING = YES;
				GCC_C_LANGUAGE_STANDARD = gnu17;
				GCC_DYNAMIC_NO_PIC = NO;
				GCC_NO_COMMON_BLOCKS = YES;
				GCC_OPTIMIZATION_LEVEL = 0;
				GCC_PREPROCESSOR_DEFINITIONS = (
					"DEBUG=1",
					"$(inherited)",
				);
				GCC_WARN_64_TO_32_BIT_CONVERSION = YES;
				GCC_WARN_ABOUT_RETURN_TYPE = YES_ERROR;
				GCC_WARN_UNDECLARED_SELECTOR = YES;
				GCC_WARN_UNINITIALIZED_AUTOS = YES_AGGRESSIVE;
				GCC_WARN_UNUSED_FUNCTION = YES;
				GCC_WARN_UNUSED_VARIABLE = YES;
				LOCALIZATION_PREFERS_STRING_CATALOGS = YES;
				MTL_ENABLE_DEBUG_INFO = INCLUDE_SOURCE;
				MTL_FAST_MATH = YES;
				ONLY_ACTIVE_ARCH = YES;
				SWIFT_ACTIVE_COMPILATION_CONDITIONS = "DEBUG $(inherited)";
				SWIFT_OPTIMIZATION_LEVEL = "-Onone";
			};
			name = Debug;
		};
		E2E214702CB19C0C00D466AA /* Release */ = {
			isa = XCBuildConfiguration;
			buildSettings = {
				ALWAYS_SEARCH_USER_PATHS = NO;
				ASSETCATALOG_COMPILER_GENERATE_SWIFT_ASSET_SYMBOL_EXTENSIONS = YES;
				CLANG_ANALYZER_NONNULL = YES;
				CLANG_ANALYZER_NUMBER_OBJECT_CONVERSION = YES_AGGRESSIVE;
				CLANG_CXX_LANGUAGE_STANDARD = "gnu++20";
				CLANG_ENABLE_MODULES = YES;
				CLANG_ENABLE_OBJC_ARC = YES;
				CLANG_ENABLE_OBJC_WEAK = YES;
				CLANG_WARN_BLOCK_CAPTURE_AUTORELEASING = YES;
				CLANG_WARN_BOOL_CONVERSION = YES;
				CLANG_WARN_COMMA = YES;
				CLANG_WARN_CONSTANT_CONVERSION = YES;
				CLANG_WARN_DEPRECATED_OBJC_IMPLEMENTATIONS = YES;
				CLANG_WARN_DIRECT_OBJC_ISA_USAGE = YES_ERROR;
				CLANG_WARN_DOCUMENTATION_COMMENTS = YES;
				CLANG_WARN_EMPTY_BODY = YES;
				CLANG_WARN_ENUM_CONVERSION = YES;
				CLANG_WARN_INFINITE_RECURSION = YES;
				CLANG_WARN_INT_CONVERSION = YES;
				CLANG_WARN_NON_LITERAL_NULL_CONVERSION = YES;
				CLANG_WARN_OBJC_IMPLICIT_RETAIN_SELF = YES;
				CLANG_WARN_OBJC_LITERAL_CONVERSION = YES;
				CLANG_WARN_OBJC_ROOT_CLASS = YES_ERROR;
				CLANG_WARN_QUOTED_INCLUDE_IN_FRAMEWORK_HEADER = YES;
				CLANG_WARN_RANGE_LOOP_ANALYSIS = YES;
				CLANG_WARN_STRICT_PROTOTYPES = YES;
				CLANG_WARN_SUSPICIOUS_MOVE = YES;
				CLANG_WARN_UNGUARDED_AVAILABILITY = YES_AGGRESSIVE;
				CLANG_WARN_UNREACHABLE_CODE = YES;
				CLANG_WARN__DUPLICATE_METHOD_MATCH = YES;
				COPY_PHASE_STRIP = NO;
				DEBUG_INFORMATION_FORMAT = "dwarf-with-dsym";
				ENABLE_NS_ASSERTIONS = NO;
				ENABLE_STRICT_OBJC_MSGSEND = YES;
				ENABLE_USER_SCRIPT_SANDBOXING = YES;
				GCC_C_LANGUAGE_STANDARD = gnu17;
				GCC_NO_COMMON_BLOCKS = YES;
				GCC_WARN_64_TO_32_BIT_CONVERSION = YES;
				GCC_WARN_ABOUT_RETURN_TYPE = YES_ERROR;
				GCC_WARN_UNDECLARED_SELECTOR = YES;
				GCC_WARN_UNINITIALIZED_AUTOS = YES_AGGRESSIVE;
				GCC_WARN_UNUSED_FUNCTION = YES;
				GCC_WARN_UNUSED_VARIABLE = YES;
				LOCALIZATION_PREFERS_STRING_CATALOGS = YES;
				MTL_ENABLE_DEBUG_INFO = NO;
				MTL_FAST_MATH = YES;
				SWIFT_COMPILATION_MODE = wholemodule;
			};
			name = Release;
		};
		E2E214722CB19C0C00D466AA /* Debug */ = {
			isa = XCBuildConfiguration;
			buildSettings = {
				ASSETCATALOG_COMPILER_APPICON_NAME = AppIcon;
				ASSETCATALOG_COMPILER_GLOBAL_ACCENT_COLOR_NAME = AccentColor;
				CODE_SIGN_ENTITLEMENTS = FetchProject/FetchProject.entitlements;
				CODE_SIGN_STYLE = Automatic;
				CURRENT_PROJECT_VERSION = 1;
				DEVELOPMENT_ASSET_PATHS = "\"FetchProject/Preview Content\"";
				DEVELOPMENT_TEAM = BM6RWHC29F;
				ENABLE_HARDENED_RUNTIME = YES;
				ENABLE_PREVIEWS = YES;
				GENERATE_INFOPLIST_FILE = YES;
				"INFOPLIST_KEY_UIApplicationSceneManifest_Generation[sdk=iphoneos*]" = YES;
				"INFOPLIST_KEY_UIApplicationSceneManifest_Generation[sdk=iphonesimulator*]" = YES;
				"INFOPLIST_KEY_UIApplicationSupportsIndirectInputEvents[sdk=iphoneos*]" = YES;
				"INFOPLIST_KEY_UIApplicationSupportsIndirectInputEvents[sdk=iphonesimulator*]" = YES;
				"INFOPLIST_KEY_UILaunchScreen_Generation[sdk=iphoneos*]" = YES;
				"INFOPLIST_KEY_UILaunchScreen_Generation[sdk=iphonesimulator*]" = YES;
				"INFOPLIST_KEY_UIStatusBarStyle[sdk=iphoneos*]" = UIStatusBarStyleDefault;
				"INFOPLIST_KEY_UIStatusBarStyle[sdk=iphonesimulator*]" = UIStatusBarStyleDefault;
				INFOPLIST_KEY_UISupportedInterfaceOrientations_iPad = "UIInterfaceOrientationPortrait UIInterfaceOrientationPortraitUpsideDown UIInterfaceOrientationLandscapeLeft UIInterfaceOrientationLandscapeRight";
				INFOPLIST_KEY_UISupportedInterfaceOrientations_iPhone = "UIInterfaceOrientationPortrait UIInterfaceOrientationLandscapeLeft UIInterfaceOrientationLandscapeRight";
				IPHONEOS_DEPLOYMENT_TARGET = 16.0;
				LD_RUNPATH_SEARCH_PATHS = "@executable_path/Frameworks";
				"LD_RUNPATH_SEARCH_PATHS[sdk=macosx*]" = "@executable_path/../Frameworks";
				MACOSX_DEPLOYMENT_TARGET = 14.5;
				MARKETING_VERSION = 1.0;
				PRODUCT_BUNDLE_IDENTIFIER = com.nicholashabeth.FetchProject;
				PRODUCT_NAME = "$(TARGET_NAME)";
				SDKROOT = auto;
				SUPPORTED_PLATFORMS = "iphoneos iphonesimulator macosx";
				SWIFT_EMIT_LOC_STRINGS = YES;
				SWIFT_VERSION = 5.0;
				TARGETED_DEVICE_FAMILY = "1,2";
			};
			name = Debug;
		};
		E2E214732CB19C0C00D466AA /* Release */ = {
			isa = XCBuildConfiguration;
			buildSettings = {
				ASSETCATALOG_COMPILER_APPICON_NAME = AppIcon;
				ASSETCATALOG_COMPILER_GLOBAL_ACCENT_COLOR_NAME = AccentColor;
				CODE_SIGN_ENTITLEMENTS = FetchProject/FetchProject.entitlements;
				CODE_SIGN_STYLE = Automatic;
				CURRENT_PROJECT_VERSION = 1;
				DEVELOPMENT_ASSET_PATHS = "\"FetchProject/Preview Content\"";
				DEVELOPMENT_TEAM = BM6RWHC29F;
				ENABLE_HARDENED_RUNTIME = YES;
				ENABLE_PREVIEWS = YES;
				GENERATE_INFOPLIST_FILE = YES;
				"INFOPLIST_KEY_UIApplicationSceneManifest_Generation[sdk=iphoneos*]" = YES;
				"INFOPLIST_KEY_UIApplicationSceneManifest_Generation[sdk=iphonesimulator*]" = YES;
				"INFOPLIST_KEY_UIApplicationSupportsIndirectInputEvents[sdk=iphoneos*]" = YES;
				"INFOPLIST_KEY_UIApplicationSupportsIndirectInputEvents[sdk=iphonesimulator*]" = YES;
				"INFOPLIST_KEY_UILaunchScreen_Generation[sdk=iphoneos*]" = YES;
				"INFOPLIST_KEY_UILaunchScreen_Generation[sdk=iphonesimulator*]" = YES;
				"INFOPLIST_KEY_UIStatusBarStyle[sdk=iphoneos*]" = UIStatusBarStyleDefault;
				"INFOPLIST_KEY_UIStatusBarStyle[sdk=iphonesimulator*]" = UIStatusBarStyleDefault;
				INFOPLIST_KEY_UISupportedInterfaceOrientations_iPad = "UIInterfaceOrientationPortrait UIInterfaceOrientationPortraitUpsideDown UIInterfaceOrientationLandscapeLeft UIInterfaceOrientationLandscapeRight";
				INFOPLIST_KEY_UISupportedInterfaceOrientations_iPhone = "UIInterfaceOrientationPortrait UIInterfaceOrientationLandscapeLeft UIInterfaceOrientationLandscapeRight";
				IPHONEOS_DEPLOYMENT_TARGET = 16.0;
				LD_RUNPATH_SEARCH_PATHS = "@executable_path/Frameworks";
				"LD_RUNPATH_SEARCH_PATHS[sdk=macosx*]" = "@executable_path/../Frameworks";
				MACOSX_DEPLOYMENT_TARGET = 14.5;
				MARKETING_VERSION = 1.0;
				PRODUCT_BUNDLE_IDENTIFIER = com.nicholashabeth.FetchProject;
				PRODUCT_NAME = "$(TARGET_NAME)";
				SDKROOT = auto;
				SUPPORTED_PLATFORMS = "iphoneos iphonesimulator macosx";
				SWIFT_EMIT_LOC_STRINGS = YES;
				SWIFT_VERSION = 5.0;
				TARGETED_DEVICE_FAMILY = "1,2";
			};
			name = Release;
		};
		E2E214752CB19C0C00D466AA /* Debug */ = {
			isa = XCBuildConfiguration;
			buildSettings = {
				ALWAYS_EMBED_SWIFT_STANDARD_LIBRARIES = YES;
				BUNDLE_LOADER = "$(TEST_HOST)";
				CODE_SIGN_STYLE = Automatic;
				CURRENT_PROJECT_VERSION = 1;
				DEVELOPMENT_TEAM = BM6RWHC29F;
				GENERATE_INFOPLIST_FILE = YES;
				IPHONEOS_DEPLOYMENT_TARGET = 17.5;
				MACOSX_DEPLOYMENT_TARGET = 14.5;
				MARKETING_VERSION = 1.0;
				PRODUCT_BUNDLE_IDENTIFIER = com.nicholashabeth.FetchProjectTests;
				PRODUCT_NAME = "$(TARGET_NAME)";
				SDKROOT = auto;
				SUPPORTED_PLATFORMS = "iphoneos iphonesimulator macosx";
				SWIFT_EMIT_LOC_STRINGS = NO;
				SWIFT_VERSION = 5.0;
				TARGETED_DEVICE_FAMILY = "1,2";
				TEST_HOST = "$(BUILT_PRODUCTS_DIR)/FetchProject.app/$(BUNDLE_EXECUTABLE_FOLDER_PATH)/FetchProject";
			};
			name = Debug;
		};
		E2E214762CB19C0C00D466AA /* Release */ = {
			isa = XCBuildConfiguration;
			buildSettings = {
				ALWAYS_EMBED_SWIFT_STANDARD_LIBRARIES = YES;
				BUNDLE_LOADER = "$(TEST_HOST)";
				CODE_SIGN_STYLE = Automatic;
				CURRENT_PROJECT_VERSION = 1;
				DEVELOPMENT_TEAM = BM6RWHC29F;
				GENERATE_INFOPLIST_FILE = YES;
				IPHONEOS_DEPLOYMENT_TARGET = 17.5;
				MACOSX_DEPLOYMENT_TARGET = 14.5;
				MARKETING_VERSION = 1.0;
				PRODUCT_BUNDLE_IDENTIFIER = com.nicholashabeth.FetchProjectTests;
				PRODUCT_NAME = "$(TARGET_NAME)";
				SDKROOT = auto;
				SUPPORTED_PLATFORMS = "iphoneos iphonesimulator macosx";
				SWIFT_EMIT_LOC_STRINGS = NO;
				SWIFT_VERSION = 5.0;
				TARGETED_DEVICE_FAMILY = "1,2";
				TEST_HOST = "$(BUILT_PRODUCTS_DIR)/FetchProject.app/$(BUNDLE_EXECUTABLE_FOLDER_PATH)/FetchProject";
			};
			name = Release;
		};
		E2E214782CB19C0C00D466AA /* Debug */ = {
			isa = XCBuildConfiguration;
			buildSettings = {
				ALWAYS_EMBED_SWIFT_STANDARD_LIBRARIES = YES;
				CODE_SIGN_STYLE = Automatic;
				CURRENT_PROJECT_VERSION = 1;
				DEVELOPMENT_TEAM = BM6RWHC29F;
				GENERATE_INFOPLIST_FILE = YES;
				IPHONEOS_DEPLOYMENT_TARGET = 17.5;
				MACOSX_DEPLOYMENT_TARGET = 14.5;
				MARKETING_VERSION = 1.0;
				PRODUCT_BUNDLE_IDENTIFIER = com.nicholashabeth.FetchProjectUITests;
				PRODUCT_NAME = "$(TARGET_NAME)";
				SDKROOT = auto;
				SUPPORTED_PLATFORMS = "iphoneos iphonesimulator macosx";
				SWIFT_EMIT_LOC_STRINGS = NO;
				SWIFT_VERSION = 5.0;
				TARGETED_DEVICE_FAMILY = "1,2";
				TEST_TARGET_NAME = FetchProject;
			};
			name = Debug;
		};
		E2E214792CB19C0C00D466AA /* Release */ = {
			isa = XCBuildConfiguration;
			buildSettings = {
				ALWAYS_EMBED_SWIFT_STANDARD_LIBRARIES = YES;
				CODE_SIGN_STYLE = Automatic;
				CURRENT_PROJECT_VERSION = 1;
				DEVELOPMENT_TEAM = BM6RWHC29F;
				GENERATE_INFOPLIST_FILE = YES;
				IPHONEOS_DEPLOYMENT_TARGET = 17.5;
				MACOSX_DEPLOYMENT_TARGET = 14.5;
				MARKETING_VERSION = 1.0;
				PRODUCT_BUNDLE_IDENTIFIER = com.nicholashabeth.FetchProjectUITests;
				PRODUCT_NAME = "$(TARGET_NAME)";
				SDKROOT = auto;
				SUPPORTED_PLATFORMS = "iphoneos iphonesimulator macosx";
				SWIFT_EMIT_LOC_STRINGS = NO;
				SWIFT_VERSION = 5.0;
				TARGETED_DEVICE_FAMILY = "1,2";
				TEST_TARGET_NAME = FetchProject;
			};
			name = Release;
		};
/* End XCBuildConfiguration section */

/* Begin XCConfigurationList section */
		E2E214472CB19C0900D466AA /* Build configuration list for PBXProject "FetchProject" */ = {
			isa = XCConfigurationList;
			buildConfigurations = (
				E2E2146F2CB19C0C00D466AA /* Debug */,
				E2E214702CB19C0C00D466AA /* Release */,
			);
			defaultConfigurationIsVisible = 0;
			defaultConfigurationName = Release;
		};
		E2E214712CB19C0C00D466AA /* Build configuration list for PBXNativeTarget "FetchProject" */ = {
			isa = XCConfigurationList;
			buildConfigurations = (
				E2E214722CB19C0C00D466AA /* Debug */,
				E2E214732CB19C0C00D466AA /* Release */,
			);
			defaultConfigurationIsVisible = 0;
			defaultConfigurationName = Release;
		};
		E2E214742CB19C0C00D466AA /* Build configuration list for PBXNativeTarget "FetchProjectTests" */ = {
			isa = XCConfigurationList;
			buildConfigurations = (
				E2E214752CB19C0C00D466AA /* Debug */,
				E2E214762CB19C0C00D466AA /* Release */,
			);
			defaultConfigurationIsVisible = 0;
			defaultConfigurationName = Release;
		};
		E2E214772CB19C0C00D466AA /* Build configuration list for PBXNativeTarget "FetchProjectUITests" */ = {
			isa = XCConfigurationList;
			buildConfigurations = (
				E2E214782CB19C0C00D466AA /* Debug */,
				E2E214792CB19C0C00D466AA /* Release */,
			);
			defaultConfigurationIsVisible = 0;
			defaultConfigurationName = Release;
		};
/* End XCConfigurationList section */

/* Begin XCRemoteSwiftPackageReference section */
		E2E214802CB3061400D466AA /* XCRemoteSwiftPackageReference "Kingfisher" */ = {
			isa = XCRemoteSwiftPackageReference;
			repositoryURL = "https://github.com/onevcat/Kingfisher.git";
			requirement = {
				kind = upToNextMajorVersion;
				minimumVersion = 8.0.3;
			};
		};
/* End XCRemoteSwiftPackageReference section */

/* Begin XCSwiftPackageProductDependency section */
		E2E214812CB3061400D466AA /* Kingfisher */ = {
			isa = XCSwiftPackageProductDependency;
			package = E2E214802CB3061400D466AA /* XCRemoteSwiftPackageReference "Kingfisher" */;
			productName = Kingfisher;
		};
/* End XCSwiftPackageProductDependency section */
	};
	rootObject = E2E214442CB19C0900D466AA /* Project object */;
}
